
Microsoft Visual Studio Solution File, Format Version 12.00
# Visual Studio Version 17
VisualStudioVersion = 17.5.002.0
MinimumVisualStudioVersion = 10.0.40219.1
Project("{9A19103F-16F7-4668-BE54-9A1E7A4F7556}") = "PlayerService", "PlayerService.csproj", "{A68D6694-9A43-4AE0-8B26-D10D4EBB911B}"
EndProject
Global
	GlobalSection(SolutionConfigurationPlatforms) = preSolution
		Debug|Any CPU = Debug|Any CPU
		Release|Any CPU = Release|Any CPU
	EndGlobalSection
	GlobalSection(ProjectConfigurationPlatforms) = postSolution
		{A68D6694-9A43-4AE0-8B26-D10D4EBB911B}.Debug|Any CPU.ActiveCfg = Debug|Any CPU
		{A68D6694-9A43-4AE0-8B26-D10D4EBB911B}.Debug|Any CPU.Build.0 = Debug|Any CPU
		{A68D6694-9A43-4AE0-8B26-D10D4EBB911B}.Release|Any CPU.ActiveCfg = Release|Any CPU
		{A68D6694-9A43-4AE0-8B26-D10D4EBB911B}.Release|Any CPU.Build.0 = Release|Any CPU
	EndGlobalSection
	GlobalSection(SolutionProperties) = preSolution
		HideSolutionNode = FALSE
	EndGlobalSection
	GlobalSection(ExtensibilityGlobals) = postSolution
		SolutionGuid = {D0784F9B-DFC5-4183-A731-44EFA44FCFA4}
	EndGlobalSection
EndGlobal
